
Microsoft Visual Studio Solution File, Format Version 12.00
# Visual Studio Version 16
VisualStudioVersion = 16.0.30204.135
MinimumVisualStudioVersion = 10.0.40219.1
Project("{9A19103F-16F7-4668-BE54-9A1E7A4F7556}") = "Swashbuckle.AspNetCore.AzureFunctions", "Swashbuckle.AspNetCore.AzureFunctions\Swashbuckle.AspNetCore.AzureFunctions.csproj", "{1B6A074A-F467-42AD-BDAA-BB95D0B4FD01}"
EndProject
Project("{9A19103F-16F7-4668-BE54-9A1E7A4F7556}") = "Example", "Example\Example.csproj", "{27391F38-3EE5-4A9A-8841-0C39A9D792A1}"
EndProject
Global
	GlobalSection(SolutionConfigurationPlatforms) = preSolution
		Debug|Any CPU = Debug|Any CPU
		Release|Any CPU = Release|Any CPU
	EndGlobalSection
	GlobalSection(ProjectConfigurationPlatforms) = postSolution
		{1B6A074A-F467-42AD-BDAA-BB95D0B4FD01}.Debug|Any CPU.ActiveCfg = Debug|Any CPU
		{1B6A074A-F467-42AD-BDAA-BB95D0B4FD01}.Debug|Any CPU.Build.0 = Debug|Any CPU
		{1B6A074A-F467-42AD-BDAA-BB95D0B4FD01}.Release|Any CPU.ActiveCfg = Release|Any CPU
		{1B6A074A-F467-42AD-BDAA-BB95D0B4FD01}.Release|Any CPU.Build.0 = Release|Any CPU
		{27391F38-3EE5-4A9A-8841-0C39A9D792A1}.Debug|Any CPU.ActiveCfg = Debug|Any CPU
		{27391F38-3EE5-4A9A-8841-0C39A9D792A1}.Debug|Any CPU.Build.0 = Debug|Any CPU
		{27391F38-3EE5-4A9A-8841-0C39A9D792A1}.Release|Any CPU.ActiveCfg = Release|Any CPU
		{27391F38-3EE5-4A9A-8841-0C39A9D792A1}.Release|Any CPU.Build.0 = Release|Any CPU
		{24923CE1-232E-42E3-987E-B9B9F77681EF}.Debug|Any CPU.ActiveCfg = Debug|Any CPU
		{24923CE1-232E-42E3-987E-B9B9F77681EF}.Debug|Any CPU.Build.0 = Debug|Any CPU
		{24923CE1-232E-42E3-987E-B9B9F77681EF}.Release|Any CPU.ActiveCfg = Release|Any CPU
		{24923CE1-232E-42E3-987E-B9B9F77681EF}.Release|Any CPU.Build.0 = Release|Any CPU
	EndGlobalSection
	GlobalSection(SolutionProperties) = preSolution
		HideSolutionNode = FALSE
	EndGlobalSection
	GlobalSection(ExtensibilityGlobals) = postSolution
		SolutionGuid = {2DCBC194-DAC1-4C25-AD27-8B4FC2063E08}
	EndGlobalSection
EndGlobal
